
Microsoft Visual Studio Solution File, Format Version 12.00
# Visual Studio Version 17
VisualStudioVersion = 17.14.37614.0 d17.14
MinimumVisualStudioVersion = 10.0.40219.1
Project("{FAE04EC0-301F-11D3-BF4B-00C04F79EFBC}") = "N12340004", "N12340004\N12340004.csproj", "{AC0A7218-8239-401E-833A-F5F0EBCCD296}"
EndProject
Global
	GlobalSection(SolutionConfigurationPlatforms) = preSolution
		Debug|Any CPU = Debug|Any CPU
		Release|Any CPU = Release|Any CPU
	EndGlobalSection
	GlobalSection(ProjectConfigurationPlatforms) = postSolution
		{AC0A7218-8239-401E-833A-F5F0EBCCD296}.Debug|Any CPU.ActiveCfg = Debug|Any CPU
		{AC0A7218-8239-401E-833A-F5F0EBCCD296}.Debug|Any CPU.Build.0 = Debug|Any CPU
		{AC0A7218-8239-401E-833A-F5F0EBCCD296}.Release|Any CPU.ActiveCfg = Release|Any CPU
		{AC0A7218-8239-401E-833A-F5F0EBCCD296}.Release|Any CPU.Build.0 = Release|Any CPU
	EndGlobalSection
	GlobalSection(SolutionProperties) = preSolution
		HideSolutionNode = FALSE
	EndGlobalSection
	GlobalSection(ExtensibilityGlobals) = postSolution
		SolutionGuid = {3E10E035-054C-408B-8A87-87C50380F834}
	EndGlobalSection
EndGlobal
